// !$*UTF8*$!
{
	archiveVersion = 1;
	classes = {
	};
	objectVersion = 50;
	objects = {

/* Begin PBXBuildFile section */
		B5E9582825C7763C0078793C /* AppDelegate.swift in Sources */ = {isa = PBXBuildFile; fileRef = B5E9582725C7763C0078793C /* AppDelegate.swift */; };
		B5E9582A25C7763C0078793C /* SceneDelegate.swift in Sources */ = {isa = PBXBuildFile; fileRef = B5E9582925C7763C0078793C /* SceneDelegate.swift */; };
		B5E9582C25C7763C0078793C /* ViewController.swift in Sources */ = {isa = PBXBuildFile; fileRef = B5E9582B25C7763C0078793C /* ViewController.swift */; };
		B5E9582F25C7763C0078793C /* Main.storyboard in Resources */ = {isa = PBXBuildFile; fileRef = B5E9582D25C7763C0078793C /* Main.storyboard */; };
		B5E9583225C7763C0078793C /* Pokemon.xcdatamodeld in Sources */ = {isa = PBXBuildFile; fileRef = B5E9583025C7763C0078793C /* Pokemon.xcdatamodeld */; };
		B5E9583425C7763C0078793C /* Assets.xcassets in Resources */ = {isa = PBXBuildFile; fileRef = B5E9583325C7763C0078793C /* Assets.xcassets */; };
		B5E9583725C7763C0078793C /* LaunchScreen.storyboard in Resources */ = {isa = PBXBuildFile; fileRef = B5E9583525C7763C0078793C /* LaunchScreen.storyboard */; };
		B5E9584225C7763D0078793C /* PokemonTests.swift in Sources */ = {isa = PBXBuildFile; fileRef = B5E9584125C7763D0078793C /* PokemonTests.swift */; };
		B5E9584D25C7763D0078793C /* PokemonUITests.swift in Sources */ = {isa = PBXBuildFile; fileRef = B5E9584C25C7763D0078793C /* PokemonUITests.swift */; };
/* End PBXBuildFile section */

/* Begin PBXContainerItemProxy section */
		B5E9583E25C7763D0078793C /* PBXContainerItemProxy */ = {
			isa = PBXContainerItemProxy;
			containerPortal = B5E9581C25C7763C0078793C /* Project object */;
			proxyType = 1;
			remoteGlobalIDString = B5E9582325C7763C0078793C;
			remoteInfo = Pokemon;
		};
		B5E9584925C7763D0078793C /* PBXContainerItemProxy */ = {
			isa = PBXContainerItemProxy;
			containerPortal = B5E9581C25C7763C0078793C /* Project object */;
			proxyType = 1;
			remoteGlobalIDString = B5E9582325C7763C0078793C;
			remoteInfo = Pokemon;
		};
/* End PBXContainerItemProxy section */

/* Begin PBXFileReference section */
		B5E9582425C7763C0078793C /* Pokemon.app */ = {isa = PBXFileReference; explicitFileType = wrapper.application; includeInIndex = 0; path = Pokemon.app; sourceTree = BUILT_PRODUCTS_DIR; };
		B5E9582725C7763C0078793C /* AppDelegate.swift */ = {isa = PBXFileReference; lastKnownFileType = sourcecode.swift; path = AppDelegate.swift; sourceTree = "<group>"; };
		B5E9582925C7763C0078793C /* SceneDelegate.swift */ = {isa = PBXFileReference; lastKnownFileType = sourcecode.swift; path = SceneDelegate.swift; sourceTree = "<group>"; };
		B5E9582B25C7763C0078793C /* ViewController.swift */ = {isa = PBXFileReference; lastKnownFileType = sourcecode.swift; path = ViewController.swift; sourceTree = "<group>"; };
		B5E9582E25C7763C0078793C /* Base */ = {isa = PBXFileReference; lastKnownFileType = file.storyboard; name = Base; path = Base.lproj/Main.storyboard; sourceTree = "<group>"; };
		B5E9583125C7763C0078793C /* Pokemon.xcdatamodel */ = {isa = PBXFileReference; lastKnownFileType = wrapper.xcdatamodel; path = Pokemon.xcdatamodel; sourceTree = "<group>"; };
		B5E9583325C7763C0078793C /* Assets.xcassets */ = {isa = PBXFileReference; lastKnownFileType = folder.assetcatalog; path = Assets.xcassets; sourceTree = "<group>"; };
		B5E9583625C7763C0078793C /* Base */ = {isa = PBXFileReference; lastKnownFileType = file.storyboard; name = Base; path = Base.lproj/LaunchScreen.storyboard; sourceTree = "<group>"; };
		B5E9583825C7763C0078793C /* Info.plist */ = {isa = PBXFileReference; lastKnownFileType = text.plist.xml; path = Info.plist; sourceTree = "<group>"; };
		B5E9583D25C7763D0078793C /* PokemonTests.xctest */ = {isa = PBXFileReference; explicitFileType = wrapper.cfbundle; includeInIndex = 0; path = PokemonTests.xctest; sourceTree = BUILT_PRODUCTS_DIR; };
		B5E9584125C7763D0078793C /* PokemonTests.swift */ = {isa = PBXFileReference; lastKnownFileType = sourcecode.swift; path = PokemonTests.swift; sourceTree = "<group>"; };
		B5E9584325C7763D0078793C /* Info.plist */ = {isa = PBXFileReference; lastKnownFileType = text.plist.xml; path = Info.plist; sourceTree = "<group>"; };
		B5E9584825C7763D0078793C /* PokemonUITests.xctest */ = {isa = PBXFileReference; explicitFileType = wrapper.cfbundle; includeInIndex = 0; path = PokemonUITests.xctest; sourceTree = BUILT_PRODUCTS_DIR; };
		B5E9584C25C7763D0078793C /* PokemonUITests.swift */ = {isa = PBXFileReference; lastKnownFileType = sourcecode.swift; path = PokemonUITests.swift; sourceTree = "<group>"; };
		B5E9584E25C7763D0078793C /* Info.plist */ = {isa = PBXFileReference; lastKnownFileType = text.plist.xml; path = Info.plist; sourceTree = "<group>"; };
/* End PBXFileReference section */

/* Begin PBXFrameworksBuildPhase section */
		B5E9582125C7763C0078793C /* Frameworks */ = {
			isa = PBXFrameworksBuildPhase;
			buildActionMask = 2147483647;
			files = (
			);
			runOnlyForDeploymentPostprocessing = 0;
		};
		B5E9583A25C7763D0078793C /* Frameworks */ = {
			isa = PBXFrameworksBuildPhase;
			buildActionMask = 2147483647;
			files = (
			);
			runOnlyForDeploymentPostprocessing = 0;
		};
		B5E9584525C7763D0078793C /* Frameworks */ = {
			isa = PBXFrameworksBuildPhase;
			buildActionMask = 2147483647;
			files = (
			);
			runOnlyForDeploymentPostprocessing = 0;
		};
/* End PBXFrameworksBuildPhase section */

/* Begin PBXGroup section */
		B5E9581B25C7763C0078793C = {
			isa = PBXGroup;
			children = (
				B5E9582625C7763C0078793C /* Pokemon */,
				B5E9584025C7763D0078793C /* PokemonTests */,
				B5E9584B25C7763D0078793C /* PokemonUITests */,
				B5E9582525C7763C0078793C /* Products */,
			);
			sourceTree = "<group>";
		};
		B5E9582525C7763C0078793C /* Products */ = {
			isa = PBXGroup;
			children = (
				B5E9582425C7763C0078793C /* Pokemon.app */,
				B5E9583D25C7763D0078793C /* PokemonTests.xctest */,
				B5E9584825C7763D0078793C /* PokemonUITests.xctest */,
			);
			name = Products;
			sourceTree = "<group>";
		};
		B5E9582625C7763C0078793C /* Pokemon */ = {
			isa = PBXGroup;
			children = (
				B5E9582725C7763C0078793C /* AppDelegate.swift */,
				B5E9582925C7763C0078793C /* SceneDelegate.swift */,
				B5E9582B25C7763C0078793C /* ViewController.swift */,
				B5E9582D25C7763C0078793C /* Main.storyboard */,
				B5E9583325C7763C0078793C /* Assets.xcassets */,
				B5E9583525C7763C0078793C /* LaunchScreen.storyboard */,
				B5E9583825C7763C0078793C /* Info.plist */,
				B5E9583025C7763C0078793C /* Pokemon.xcdatamodeld */,
			);
			path = Pokemon;
			sourceTree = "<group>";
		};
		B5E9584025C7763D0078793C /* PokemonTests */ = {
			isa = PBXGroup;
			children = (
				B5E9584125C7763D0078793C /* PokemonTests.swift */,
				B5E9584325C7763D0078793C /* Info.plist */,
			);
			path = PokemonTests;
			sourceTree = "<group>";
		};
		B5E9584B25C7763D0078793C /* PokemonUITests */ = {
			isa = PBXGroup;
			children = (
				B5E9584C25C7763D0078793C /* PokemonUITests.swift */,
				B5E9584E25C7763D0078793C /* Info.plist */,
			);
			path = PokemonUITests;
			sourceTree = "<group>";
		};
/* End PBXGroup section */

/* Begin PBXNativeTarget section */
		B5E9582325C7763C0078793C /* Pokemon */ = {
			isa = PBXNativeTarget;
			buildConfigurationList = B5E9585125C7763D0078793C /* Build configuration list for PBXNativeTarget "Pokemon" */;
			buildPhases = (
				B5E9582025C7763C0078793C /* Sources */,
				B5E9582125C7763C0078793C /* Frameworks */,
				B5E9582225C7763C0078793C /* Resources */,
			);
			buildRules = (
			);
			dependencies = (
			);
			name = Pokemon;
			productName = Pokemon;
			productReference = B5E9582425C7763C0078793C /* Pokemon.app */;
			productType = "com.apple.product-type.application";
		};
		B5E9583C25C7763D0078793C /* PokemonTests */ = {
			isa = PBXNativeTarget;
			buildConfigurationList = B5E9585425C7763D0078793C /* Build configuration list for PBXNativeTarget "PokemonTests" */;
			buildPhases = (
				B5E9583925C7763D0078793C /* Sources */,
				B5E9583A25C7763D0078793C /* Frameworks */,
				B5E9583B25C7763D0078793C /* Resources */,
			);
			buildRules = (
			);
			dependencies = (
				B5E9583F25C7763D0078793C /* PBXTargetDependency */,
			);
			name = PokemonTests;
			productName = PokemonTests;
			productReference = B5E9583D25C7763D0078793C /* PokemonTests.xctest */;
			productType = "com.apple.product-type.bundle.unit-test";
		};
		B5E9584725C7763D0078793C /* PokemonUITests */ = {
			isa = PBXNativeTarget;
			buildConfigurationList = B5E9585725C7763D0078793C /* Build configuration list for PBXNativeTarget "PokemonUITests" */;
			buildPhases = (
				B5E9584425C7763D0078793C /* Sources */,
				B5E9584525C7763D0078793C /* Frameworks */,
				B5E9584625C7763D0078793C /* Resources */,
			);
			buildRules = (
			);
			dependencies = (
				B5E9584A25C7763D0078793C /* PBXTargetDependency */,
			);
			name = PokemonUITests;
			productName = PokemonUITests;
			productReference = B5E9584825C7763D0078793C /* PokemonUITests.xctest */;
			productType = "com.apple.product-type.bundle.ui-testing";
		};
/* End PBXNativeTarget section */

/* Begin PBXProject section */
		B5E9581C25C7763C0078793C /* Project object */ = {
			isa = PBXProject;
			attributes = {
				LastSwiftUpdateCheck = 1240;
				LastUpgradeCheck = 1240;
				TargetAttributes = {
					B5E9582325C7763C0078793C = {
						CreatedOnToolsVersion = 12.4;
					};
					B5E9583C25C7763D0078793C = {
						CreatedOnToolsVersion = 12.4;
						TestTargetID = B5E9582325C7763C0078793C;
					};
					B5E9584725C7763D0078793C = {
						CreatedOnToolsVersion = 12.4;
						TestTargetID = B5E9582325C7763C0078793C;
					};
				};
			};
			buildConfigurationList = B5E9581F25C7763C0078793C /* Build configuration list for PBXProject "Pokemon" */;
			compatibilityVersion = "Xcode 9.3";
			developmentRegion = en;
			hasScannedForEncodings = 0;
			knownRegions = (
				en,
				Base,
			);
			mainGroup = B5E9581B25C7763C0078793C;
			productRefGroup = B5E9582525C7763C0078793C /* Products */;
			projectDirPath = "";
			projectRoot = "";
			targets = (
				B5E9582325C7763C0078793C /* Pokemon */,
				B5E9583C25C7763D0078793C /* PokemonTests */,
				B5E9584725C7763D0078793C /* PokemonUITests */,
			);
		};
/* End PBXProject section */

/* Begin PBXResourcesBuildPhase section */
		B5E9582225C7763C0078793C /* Resources */ = {
			isa = PBXResourcesBuildPhase;
			buildActionMask = 2147483647;
			files = (
				B5E9583725C7763C0078793C /* LaunchScreen.storyboard in Resources */,
				B5E9583425C7763C0078793C /* Assets.xcassets in Resources */,
				B5E9582F25C7763C0078793C /* Main.storyboard in Resources */,
			);
			runOnlyForDeploymentPostprocessing = 0;
		};
		B5E9583B25C7763D0078793C /* Resources */ = {
			isa = PBXResourcesBuildPhase;
			buildActionMask = 2147483647;
			files = (
			);
			runOnlyForDeploymentPostprocessing = 0;
		};
		B5E9584625C7763D0078793C /* Resources */ = {
			isa = PBXResourcesBuildPhase;
			buildActionMask = 2147483647;
			files = (
			);
			runOnlyForDeploymentPostprocessing = 0;
		};
/* End PBXResourcesBuildPhase section */

/* Begin PBXSourcesBuildPhase section */
		B5E9582025C7763C0078793C /* Sources */ = {
			isa = PBXSourcesBuildPhase;
			buildActionMask = 2147483647;
			files = (
				B5E9582C25C7763C0078793C /* ViewController.swift in Sources */,
				B5E9583225C7763C0078793C /* Pokemon.xcdatamodeld in Sources */,
				B5E9582825C7763C0078793C /* AppDelegate.swift in Sources */,
				B5E9582A25C7763C0078793C /* SceneDelegate.swift in Sources */,
			);
			runOnlyForDeploymentPostprocessing = 0;
		};
		B5E9583925C7763D0078793C /* Sources */ = {
			isa = PBXSourcesBuildPhase;
			buildActionMask = 2147483647;
			files = (
				B5E9584225C7763D0078793C /* PokemonTests.swift in Sources */,
			);
			runOnlyForDeploymentPostprocessing = 0;
		};
		B5E9584425C7763D0078793C /* Sources */ = {
			isa = PBXSourcesBuildPhase;
			buildActionMask = 2147483647;
			files = (
				B5E9584D25C7763D0078793C /* PokemonUITests.swift in Sources */,
			);
			runOnlyForDeploymentPostprocessing = 0;
		};
/* End PBXSourcesBuildPhase section */

/* Begin PBXTargetDependency section */
		B5E9583F25C7763D0078793C /* PBXTargetDependency */ = {
			isa = PBXTargetDependency;
			target = B5E9582325C7763C0078793C /* Pokemon */;
			targetProxy = B5E9583E25C7763D0078793C /* PBXContainerItemProxy */;
		};
		B5E9584A25C7763D0078793C /* PBXTargetDependency */ = {
			isa = PBXTargetDependency;
			target = B5E9582325C7763C0078793C /* Pokemon */;
			targetProxy = B5E9584925C7763D0078793C /* PBXContainerItemProxy */;
		};
/* End PBXTargetDependency section */

/* Begin PBXVariantGroup section */
		B5E9582D25C7763C0078793C /* Main.storyboard */ = {
			isa = PBXVariantGroup;
			children = (
				B5E9582E25C7763C0078793C /* Base */,
			);
			name = Main.storyboard;
			sourceTree = "<group>";
		};
		B5E9583525C7763C0078793C /* LaunchScreen.storyboard */ = {
			isa = PBXVariantGroup;
			children = (
				B5E9583625C7763C0078793C /* Base */,
			);
			name = LaunchScreen.storyboard;
			sourceTree = "<group>";
		};
/* End PBXVariantGroup section */

/* Begin XCBuildConfiguration section */
		B5E9584F25C7763D0078793C /* Debug */ = {
			isa = XCBuildConfiguration;
			buildSettings = {
				ALWAYS_SEARCH_USER_PATHS = NO;
				CLANG_ANALYZER_NONNULL = YES;
				CLANG_ANALYZER_NUMBER_OBJECT_CONVERSION = YES_AGGRESSIVE;
				CLANG_CXX_LANGUAGE_STANDARD = "gnu++14";
				CLANG_CXX_LIBRARY = "libc++";
				CLANG_ENABLE_MODULES = YES;
				CLANG_ENABLE_OBJC_ARC = YES;
				CLANG_ENABLE_OBJC_WEAK = YES;
				CLANG_WARN_BLOCK_CAPTURE_AUTORELEASING = YES;
				CLANG_WARN_BOOL_CONVERSION = YES;
				CLANG_WARN_COMMA = YES;
				CLANG_WARN_CONSTANT_CONVERSION = YES;
				CLANG_WARN_DEPRECATED_OBJC_IMPLEMENTATIONS = YES;
				CLANG_WARN_DIRECT_OBJC_ISA_USAGE = YES_ERROR;
				CLANG_WARN_DOCUMENTATION_COMMENTS = YES;
				CLANG_WARN_EMPTY_BODY = YES;
				CLANG_WARN_ENUM_CONVERSION = YES;
				CLANG_WARN_INFINITE_RECURSION = YES;
				CLANG_WARN_INT_CONVERSION = YES;
				CLANG_WARN_NON_LITERAL_NULL_CONVERSION = YES;
				CLANG_WARN_OBJC_IMPLICIT_RETAIN_SELF = YES;
				CLANG_WARN_OBJC_LITERAL_CONVERSION = YES;
				CLANG_WARN_OBJC_ROOT_CLASS = YES_ERROR;
				CLANG_WARN_QUOTED_INCLUDE_IN_FRAMEWORK_HEADER = YES;
				CLANG_WARN_RANGE_LOOP_ANALYSIS = YES;
				CLANG_WARN_STRICT_PROTOTYPES = YES;
				CLANG_WARN_SUSPICIOUS_MOVE = YES;
				CLANG_WARN_UNGUARDED_AVAILABILITY = YES_AGGRESSIVE;
				CLANG_WARN_UNREACHABLE_CODE = YES;
				CLANG_WARN__DUPLICATE_METHOD_MATCH = YES;
				COPY_PHASE_STRIP = NO;
				DEBUG_INFORMATION_FORMAT = dwarf;
				ENABLE_STRICT_OBJC_MSGSEND = YES;
				ENABLE_TESTABILITY = YES;
				GCC_C_LANGUAGE_STANDARD = gnu11;
				GCC_DYNAMIC_NO_PIC = NO;
				GCC_NO_COMMON_BLOCKS = YES;
				GCC_OPTIMIZATION_LEVEL = 0;
				GCC_PREPROCESSOR_DEFINITIONS = (
					"DEBUG=1",
					"$(inherited)",
				);
				GCC_WARN_64_TO_32_BIT_CONVERSION = YES;
				GCC_WARN_ABOUT_RETURN_TYPE = YES_ERROR;
				GCC_WARN_UNDECLARED_SELECTOR = YES;
				GCC_WARN_UNINITIALIZED_AUTOS = YES_AGGRESSIVE;
				GCC_WARN_UNUSED_FUNCTION = YES;
				GCC_WARN_UNUSED_VARIABLE = YES;
				IPHONEOS_DEPLOYMENT_TARGET = 14.4;
				MTL_ENABLE_DEBUG_INFO = INCLUDE_SOURCE;
				MTL_FAST_MATH = YES;
				ONLY_ACTIVE_ARCH = YES;
				SDKROOT = iphoneos;
				SWIFT_ACTIVE_COMPILATION_CONDITIONS = DEBUG;
				SWIFT_OPTIMIZATION_LEVEL = "-Onone";
			};
			name = Debug;
		};
		B5E9585025C7763D0078793C /* Release */ = {
			isa = XCBuildConfiguration;
			buildSettings = {
				ALWAYS_SEARCH_USER_PATHS = NO;
				CLANG_ANALYZER_NONNULL = YES;
				CLANG_ANALYZER_NUMBER_OBJECT_CONVERSION = YES_AGGRESSIVE;
				CLANG_CXX_LANGUAGE_STANDARD = "gnu++14";
				CLANG_CXX_LIBRARY = "libc++";
				CLANG_ENABLE_MODULES = YES;
				CLANG_ENABLE_OBJC_ARC = YES;
				CLANG_ENABLE_OBJC_WEAK = YES;
				CLANG_WARN_BLOCK_CAPTURE_AUTORELEASING = YES;
				CLANG_WARN_BOOL_CONVERSION = YES;
				CLANG_WARN_COMMA = YES;
				CLANG_WARN_CONSTANT_CONVERSION = YES;
				CLANG_WARN_DEPRECATED_OBJC_IMPLEMENTATIONS = YES;
				CLANG_WARN_DIRECT_OBJC_ISA_USAGE = YES_ERROR;
				CLANG_WARN_DOCUMENTATION_COMMENTS = YES;
				CLANG_WARN_EMPTY_BODY = YES;
				CLANG_WARN_ENUM_CONVERSION = YES;
				CLANG_WARN_INFINITE_RECURSION = YES;
				CLANG_WARN_INT_CONVERSION = YES;
				CLANG_WARN_NON_LITERAL_NULL_CONVERSION = YES;
				CLANG_WARN_OBJC_IMPLICIT_RETAIN_SELF = YES;
				CLANG_WARN_OBJC_LITERAL_CONVERSION = YES;
				CLANG_WARN_OBJC_ROOT_CLASS = YES_ERROR;
				CLANG_WARN_QUOTED_INCLUDE_IN_FRAMEWORK_HEADER = YES;
				CLANG_WARN_RANGE_LOOP_ANALYSIS = YES;
				CLANG_WARN_STRICT_PROTOTYPES = YES;
				CLANG_WARN_SUSPICIOUS_MOVE = YES;
				CLANG_WARN_UNGUARDED_AVAILABILITY = YES_AGGRESSIVE;
				CLANG_WARN_UNREACHABLE_CODE = YES;
				CLANG_WARN__DUPLICATE_METHOD_MATCH = YES;
				COPY_PHASE_STRIP = NO;
				DEBUG_INFORMATION_FORMAT = "dwarf-with-dsym";
				ENABLE_NS_ASSERTIONS = NO;
				ENABLE_STRICT_OBJC_MSGSEND = YES;
				GCC_C_LANGUAGE_STANDARD = gnu11;
				GCC_NO_COMMON_BLOCKS = YES;
				GCC_WARN_64_TO_32_BIT_CONVERSION = YES;
				GCC_WARN_ABOUT_RETURN_TYPE = YES_ERROR;
				GCC_WARN_UNDECLARED_SELECTOR = YES;
				GCC_WARN_UNINITIALIZED_AUTOS = YES_AGGRESSIVE;
				GCC_WARN_UNUSED_FUNCTION = YES;
				GCC_WARN_UNUSED_VARIABLE = YES;
				IPHONEOS_DEPLOYMENT_TARGET = 14.4;
				MTL_ENABLE_DEBUG_INFO = NO;
				MTL_FAST_MATH = YES;
				SDKROOT = iphoneos;
				SWIFT_COMPILATION_MODE = wholemodule;
				SWIFT_OPTIMIZATION_LEVEL = "-O";
				VALIDATE_PRODUCT = YES;
			};
			name = Release;
		};
		B5E9585225C7763D0078793C /* Debug */ = {
			isa = XCBuildConfiguration;
			buildSettings = {
				ASSETCATALOG_COMPILER_APPICON_NAME = AppIcon;
				ASSETCATALOG_COMPILER_GLOBAL_ACCENT_COLOR_NAME = AccentColor;
				CODE_SIGN_STYLE = Automatic;
				DEVELOPMENT_TEAM = ACMDBGV8F9;
				INFOPLIST_FILE = Pokemon/Info.plist;
				LD_RUNPATH_SEARCH_PATHS = (
					"$(inherited)",
					"@executable_path/Frameworks",
				);
				PRODUCT_BUNDLE_IDENTIFIER = com.stefanofoglia.Pokemon;
				PRODUCT_NAME = "$(TARGET_NAME)";
				SWIFT_VERSION = 5.0;
				TARGETED_DEVICE_FAMILY = "1,2";
			};
			name = Debug;
		};
		B5E9585325C7763D0078793C /* Release */ = {
			isa = XCBuildConfiguration;
			buildSettings = {
				ASSETCATALOG_COMPILER_APPICON_NAME = AppIcon;
				ASSETCATALOG_COMPILER_GLOBAL_ACCENT_COLOR_NAME = AccentColor;
				CODE_SIGN_STYLE = Automatic;
				DEVELOPMENT_TEAM = ACMDBGV8F9;
				INFOPLIST_FILE = Pokemon/Info.plist;
				LD_RUNPATH_SEARCH_PATHS = (
					"$(inherited)",
					"@executable_path/Frameworks",
				);
				PRODUCT_BUNDLE_IDENTIFIER = com.stefanofoglia.Pokemon;
				PRODUCT_NAME = "$(TARGET_NAME)";
				SWIFT_VERSION = 5.0;
				TARGETED_DEVICE_FAMILY = "1,2";
			};
			name = Release;
		};
		B5E9585525C7763D0078793C /* Debug */ = {
			isa = XCBuildConfiguration;
			buildSettings = {
				ALWAYS_EMBED_SWIFT_STANDARD_LIBRARIES = YES;
				BUNDLE_LOADER = "$(TEST_HOST)";
				CODE_SIGN_STYLE = Automatic;
				DEVELOPMENT_TEAM = ACMDBGV8F9;
				INFOPLIST_FILE = PokemonTests/Info.plist;
				IPHONEOS_DEPLOYMENT_TARGET = 14.4;
				LD_RUNPATH_SEARCH_PATHS = (
					"$(inherited)",
					"@executable_path/Frameworks",
					"@loader_path/Frameworks",
				);
				PRODUCT_BUNDLE_IDENTIFIER = com.stefanofoglia.PokemonTests;
				PRODUCT_NAME = "$(TARGET_NAME)";
				SWIFT_VERSION = 5.0;
				TARGETED_DEVICE_FAMILY = "1,2";
				TEST_HOST = "$(BUILT_PRODUCTS_DIR)/Pokemon.app/Pokemon";
			};
			name = Debug;
		};
		B5E9585625C7763D0078793C /* Release */ = {
			isa = XCBuildConfiguration;
			buildSettings = {
				ALWAYS_EMBED_SWIFT_STANDARD_LIBRARIES = YES;
				BUNDLE_LOADER = "$(TEST_HOST)";
				CODE_SIGN_STYLE = Automatic;
				DEVELOPMENT_TEAM = ACMDBGV8F9;
				INFOPLIST_FILE = PokemonTests/Info.plist;
				IPHONEOS_DEPLOYMENT_TARGET = 14.4;
				LD_RUNPATH_SEARCH_PATHS = (
					"$(inherited)",
					"@executable_path/Frameworks",
					"@loader_path/Frameworks",
				);
				PRODUCT_BUNDLE_IDENTIFIER = com.stefanofoglia.PokemonTests;
				PRODUCT_NAME = "$(TARGET_NAME)";
				SWIFT_VERSION = 5.0;
				TARGETED_DEVICE_FAMILY = "1,2";
				TEST_HOST = "$(BUILT_PRODUCTS_DIR)/Pokemon.app/Pokemon";
			};
			name = Release;
		};
		B5E9585825C7763D0078793C /* Debug */ = {
			isa = XCBuildConfiguration;
			buildSettings = {
				ALWAYS_EMBED_SWIFT_STANDARD_LIBRARIES = YES;
				CODE_SIGN_STYLE = Automatic;
				DEVELOPMENT_TEAM = ACMDBGV8F9;
				INFOPLIST_FILE = PokemonUITests/Info.plist;
				LD_RUNPATH_SEARCH_PATHS = (
					"$(inherited)",
					"@executable_path/Frameworks",
					"@loader_path/Frameworks",
				);
				PRODUCT_BUNDLE_IDENTIFIER = com.stefanofoglia.PokemonUITests;
				PRODUCT_NAME = "$(TARGET_NAME)";
				SWIFT_VERSION = 5.0;
				TARGETED_DEVICE_FAMILY = "1,2";
				TEST_TARGET_NAME = Pokemon;
			};
			name = Debug;
		};
		B5E9585925C7763D0078793C /* Release */ = {
			isa = XCBuildConfiguration;
			buildSettings = {
				ALWAYS_EMBED_SWIFT_STANDARD_LIBRARIES = YES;
				CODE_SIGN_STYLE = Automatic;
				DEVELOPMENT_TEAM = ACMDBGV8F9;
				INFOPLIST_FILE = PokemonUITests/Info.plist;
				LD_RUNPATH_SEARCH_PATHS = (
					"$(inherited)",
					"@executable_path/Frameworks",
					"@loader_path/Frameworks",
				);
				PRODUCT_BUNDLE_IDENTIFIER = com.stefanofoglia.PokemonUITests;
				PRODUCT_NAME = "$(TARGET_NAME)";
				SWIFT_VERSION = 5.0;
				TARGETED_DEVICE_FAMILY = "1,2";
				TEST_TARGET_NAME = Pokemon;
			};
			name = Release;
		};
/* End XCBuildConfiguration section */

/* Begin XCConfigurationList section */
		B5E9581F25C7763C0078793C /* Build configuration list for PBXProject "Pokemon" */ = {
			isa = XCConfigurationList;
			buildConfigurations = (
				B5E9584F25C7763D0078793C /* Debug */,
				B5E9585025C7763D0078793C /* Release */,
			);
			defaultConfigurationIsVisible = 0;
			defaultConfigurationName = Release;
		};
		B5E9585125C7763D0078793C /* Build configuration list for PBXNativeTarget "Pokemon" */ = {
			isa = XCConfigurationList;
			buildConfigurations = (
				B5E9585225C7763D0078793C /* Debug */,
				B5E9585325C7763D0078793C /* Release */,
			);
			defaultConfigurationIsVisible = 0;
			defaultConfigurationName = Release;
		};
		B5E9585425C7763D0078793C /* Build configuration list for PBXNativeTarget "PokemonTests" */ = {
			isa = XCConfigurationList;
			buildConfigurations = (
				B5E9585525C7763D0078793C /* Debug */,
				B5E9585625C7763D0078793C /* Release */,
			);
			defaultConfigurationIsVisible = 0;
			defaultConfigurationName = Release;
		};
		B5E9585725C7763D0078793C /* Build configuration list for PBXNativeTarget "PokemonUITests" */ = {
			isa = XCConfigurationList;
			buildConfigurations = (
				B5E9585825C7763D0078793C /* Debug */,
				B5E9585925C7763D0078793C /* Release */,
			);
			defaultConfigurationIsVisible = 0;
			defaultConfigurationName = Release;
		};
/* End XCConfigurationList section */

/* Begin XCVersionGroup section */
		B5E9583025C7763C0078793C /* Pokemon.xcdatamodeld */ = {
			isa = XCVersionGroup;
			children = (
				B5E9583125C7763C0078793C /* Pokemon.xcdatamodel */,
			);
			currentVersion = B5E9583125C7763C0078793C /* Pokemon.xcdatamodel */;
			path = Pokemon.xcdatamodeld;
			sourceTree = "<group>";
			versionGroupType = wrapper.xcdatamodel;
		};
/* End XCVersionGroup section */
	};
	rootObject = B5E9581C25C7763C0078793C /* Project object */;
}
